
Microsoft Visual Studio Solution File, Format Version 12.00
# Visual Studio Version 16
VisualStudioVersion = 16.0.30517.126
MinimumVisualStudioVersion = 10.0.40219.1
Project("{9A19103F-16F7-4668-BE54-9A1E7A4F7556}") = "Tss.Core", "Tss.Core\Tss.Core.csproj", "{BD4CDEFD-C6BF-4CF4-9E09-B48B93E3358C}"
EndProject
Project("{9A19103F-16F7-4668-BE54-9A1E7A4F7556}") = "Tss.Cli", "Tss.Cli\Tss.Cli.csproj", "{6B8F9C27-7BC0-470E-9C55-5922BE36537B}"
EndProject
Project("{9A19103F-16F7-4668-BE54-9A1E7A4F7556}") = "Tss.Api", "Tss.Api\Tss.Api.csproj", "{3891AB81-1640-4616-9C4C-6FBC605910D1}"
EndProject
Project("{E53339B2-1760-4266-BCC7-CA923CBCF16C}") = "docker-compose", "docker-compose.dcproj", "{EF382C20-9B87-4EA5-99C0-B04E7B92DE7D}"
EndProject
Global
	GlobalSection(SolutionConfigurationPlatforms) = preSolution
		Debug|Any CPU = Debug|Any CPU
		Release|Any CPU = Release|Any CPU
	EndGlobalSection
	GlobalSection(ProjectConfigurationPlatforms) = postSolution
		{BD4CDEFD-C6BF-4CF4-9E09-B48B93E3358C}.Debug|Any CPU.ActiveCfg = Debug|Any CPU
		{BD4CDEFD-C6BF-4CF4-9E09-B48B93E3358C}.Debug|Any CPU.Build.0 = Debug|Any CPU
		{BD4CDEFD-C6BF-4CF4-9E09-B48B93E3358C}.Release|Any CPU.ActiveCfg = Release|Any CPU
		{BD4CDEFD-C6BF-4CF4-9E09-B48B93E3358C}.Release|Any CPU.Build.0 = Release|Any CPU
		{6B8F9C27-7BC0-470E-9C55-5922BE36537B}.Debug|Any CPU.ActiveCfg = Debug|Any CPU
		{6B8F9C27-7BC0-470E-9C55-5922BE36537B}.Debug|Any CPU.Build.0 = Debug|Any CPU
		{6B8F9C27-7BC0-470E-9C55-5922BE36537B}.Release|Any CPU.ActiveCfg = Release|Any CPU
		{6B8F9C27-7BC0-470E-9C55-5922BE36537B}.Release|Any CPU.Build.0 = Release|Any CPU
		{3891AB81-1640-4616-9C4C-6FBC605910D1}.Debug|Any CPU.ActiveCfg = Debug|Any CPU
		{3891AB81-1640-4616-9C4C-6FBC605910D1}.Debug|Any CPU.Build.0 = Debug|Any CPU
		{3891AB81-1640-4616-9C4C-6FBC605910D1}.Release|Any CPU.ActiveCfg = Release|Any CPU
		{3891AB81-1640-4616-9C4C-6FBC605910D1}.Release|Any CPU.Build.0 = Release|Any CPU
		{EF382C20-9B87-4EA5-99C0-B04E7B92DE7D}.Debug|Any CPU.ActiveCfg = Debug|Any CPU
		{EF382C20-9B87-4EA5-99C0-B04E7B92DE7D}.Debug|Any CPU.Build.0 = Debug|Any CPU
		{EF382C20-9B87-4EA5-99C0-B04E7B92DE7D}.Release|Any CPU.ActiveCfg = Release|Any CPU
		{EF382C20-9B87-4EA5-99C0-B04E7B92DE7D}.Release|Any CPU.Build.0 = Release|Any CPU
	EndGlobalSection
	GlobalSection(SolutionProperties) = preSolution
		HideSolutionNode = FALSE
	EndGlobalSection
	GlobalSection(ExtensibilityGlobals) = postSolution
		SolutionGuid = {A2786D3A-A468-4938-B0F0-1159D57832E9}
	EndGlobalSection
EndGlobal
